
Microsoft Visual Studio Solution File, Format Version 12.00
# Visual Studio Version 17
VisualStudioVersion = 17.0.31903.59
MinimumVisualStudioVersion = 10.0.40219.1
Project("{FAE04EC0-301F-11D3-BF4B-00C04F79EFBC}") = "pgnanalyzer", "src\pgnanalyzer.csproj", "{F8CA05BA-62BF-4C02-849B-772125EFF724}"
EndProject
Project("{FAE04EC0-301F-11D3-BF4B-00C04F79EFBC}") = "test", "test\test.csproj", "{7BEE5640-251B-4622-9E8E-316B1AE6BD1F}"
EndProject
Global
	GlobalSection(SolutionConfigurationPlatforms) = preSolution
		Debug|Any CPU = Debug|Any CPU
		Release|Any CPU = Release|Any CPU
	EndGlobalSection
	GlobalSection(SolutionProperties) = preSolution
		HideSolutionNode = FALSE
	EndGlobalSection
	GlobalSection(ProjectConfigurationPlatforms) = postSolution
		{F8CA05BA-62BF-4C02-849B-772125EFF724}.Debug|Any CPU.ActiveCfg = Debug|Any CPU
		{F8CA05BA-62BF-4C02-849B-772125EFF724}.Debug|Any CPU.Build.0 = Debug|Any CPU
		{F8CA05BA-62BF-4C02-849B-772125EFF724}.Release|Any CPU.ActiveCfg = Release|Any CPU
		{F8CA05BA-62BF-4C02-849B-772125EFF724}.Release|Any CPU.Build.0 = Release|Any CPU
		{7BEE5640-251B-4622-9E8E-316B1AE6BD1F}.Debug|Any CPU.ActiveCfg = Debug|Any CPU
		{7BEE5640-251B-4622-9E8E-316B1AE6BD1F}.Debug|Any CPU.Build.0 = Debug|Any CPU
		{7BEE5640-251B-4622-9E8E-316B1AE6BD1F}.Release|Any CPU.ActiveCfg = Release|Any CPU
		{7BEE5640-251B-4622-9E8E-316B1AE6BD1F}.Release|Any CPU.Build.0 = Release|Any CPU
	EndGlobalSection
EndGlobal
